
Microsoft Visual Studio Solution File, Format Version 12.00
# Visual Studio Version 17
VisualStudioVersion = 17.11.35312.102
MinimumVisualStudioVersion = 10.0.40219.1
Project("{9A19103F-16F7-4668-BE54-9A1E7A4F7556}") = "BedrijvenTestPrepBL", "BedrijvenTestPrepBL\BedrijvenTestPrepBL.csproj", "{C1622069-C53D-4030-ABC6-75E088925A11}"
EndProject
Project("{9A19103F-16F7-4668-BE54-9A1E7A4F7556}") = "BedrijvenTestPrepDL_File", "BedrijvenTestPrepDL_File\BedrijvenTestPrepDL_File.csproj", "{349B7196-DF6C-4F18-9A2E-37360D234A63}"
EndProject
Project("{9A19103F-16F7-4668-BE54-9A1E7A4F7556}") = "BedrijvenTestPrepDL_SQL", "BedrijvenTestPrepDL_SQL\BedrijvenTestPrepDL_SQL.csproj", "{41257400-CAA0-4439-B85B-1BCCBA6B9149}"
EndProject
Project("{9A19103F-16F7-4668-BE54-9A1E7A4F7556}") = "BedrijvenTestPrepUI", "BedrijvenTestPrepUI\BedrijvenTestPrepUI.csproj", "{85FC6DC5-B5EB-48F4-80BD-2C9BFF32B15F}"
EndProject
Project("{9A19103F-16F7-4668-BE54-9A1E7A4F7556}") = "BedrijvenTestPrepUtil", "BedrijvenTestPrepUtil\BedrijvenTestPrepUtil.csproj", "{42A72D01-4EB0-47D2-9638-CC94DB55DE86}"
EndProject
Global
	GlobalSection(SolutionConfigurationPlatforms) = preSolution
		Debug|Any CPU = Debug|Any CPU
		Release|Any CPU = Release|Any CPU
	EndGlobalSection
	GlobalSection(ProjectConfigurationPlatforms) = postSolution
		{C1622069-C53D-4030-ABC6-75E088925A11}.Debug|Any CPU.ActiveCfg = Debug|Any CPU
		{C1622069-C53D-4030-ABC6-75E088925A11}.Debug|Any CPU.Build.0 = Debug|Any CPU
		{C1622069-C53D-4030-ABC6-75E088925A11}.Release|Any CPU.ActiveCfg = Release|Any CPU
		{C1622069-C53D-4030-ABC6-75E088925A11}.Release|Any CPU.Build.0 = Release|Any CPU
		{349B7196-DF6C-4F18-9A2E-37360D234A63}.Debug|Any CPU.ActiveCfg = Debug|Any CPU
		{349B7196-DF6C-4F18-9A2E-37360D234A63}.Debug|Any CPU.Build.0 = Debug|Any CPU
		{349B7196-DF6C-4F18-9A2E-37360D234A63}.Release|Any CPU.ActiveCfg = Release|Any CPU
		{349B7196-DF6C-4F18-9A2E-37360D234A63}.Release|Any CPU.Build.0 = Release|Any CPU
		{41257400-CAA0-4439-B85B-1BCCBA6B9149}.Debug|Any CPU.ActiveCfg = Debug|Any CPU
		{41257400-CAA0-4439-B85B-1BCCBA6B9149}.Debug|Any CPU.Build.0 = Debug|Any CPU
		{41257400-CAA0-4439-B85B-1BCCBA6B9149}.Release|Any CPU.ActiveCfg = Release|Any CPU
		{41257400-CAA0-4439-B85B-1BCCBA6B9149}.Release|Any CPU.Build.0 = Release|Any CPU
		{85FC6DC5-B5EB-48F4-80BD-2C9BFF32B15F}.Debug|Any CPU.ActiveCfg = Debug|Any CPU
		{85FC6DC5-B5EB-48F4-80BD-2C9BFF32B15F}.Debug|Any CPU.Build.0 = Debug|Any CPU
		{85FC6DC5-B5EB-48F4-80BD-2C9BFF32B15F}.Release|Any CPU.ActiveCfg = Release|Any CPU
		{85FC6DC5-B5EB-48F4-80BD-2C9BFF32B15F}.Release|Any CPU.Build.0 = Release|Any CPU
		{42A72D01-4EB0-47D2-9638-CC94DB55DE86}.Debug|Any CPU.ActiveCfg = Debug|Any CPU
		{42A72D01-4EB0-47D2-9638-CC94DB55DE86}.Debug|Any CPU.Build.0 = Debug|Any CPU
		{42A72D01-4EB0-47D2-9638-CC94DB55DE86}.Release|Any CPU.ActiveCfg = Release|Any CPU
		{42A72D01-4EB0-47D2-9638-CC94DB55DE86}.Release|Any CPU.Build.0 = Release|Any CPU
	EndGlobalSection
	GlobalSection(SolutionProperties) = preSolution
		HideSolutionNode = FALSE
	EndGlobalSection
	GlobalSection(ExtensibilityGlobals) = postSolution
		SolutionGuid = {93240E01-BED2-4787-A629-57C99E55FD63}
	EndGlobalSection
EndGlobal
