
Microsoft Visual Studio Solution File, Format Version 12.00
# Visual Studio Version 17
VisualStudioVersion = 17.11.35312.102
MinimumVisualStudioVersion = 10.0.40219.1
Project("{9A19103F-16F7-4668-BE54-9A1E7A4F7556}") = "BedrijvenDomein", "BedrijvenDomein\BedrijvenDomein.csproj", "{F9D1F65E-F073-40FB-BC1A-ACF33922EB41}"
EndProject
Project("{9A19103F-16F7-4668-BE54-9A1E7A4F7556}") = "TestenBedrijven", "TestenBedrijven\TestenBedrijven.csproj", "{A1C6B644-6FF2-410B-86EF-F9E9E96F4495}"
EndProject
Project("{9A19103F-16F7-4668-BE54-9A1E7A4F7556}") = "BedrijvenDataLaag", "BedrijvenDataLaag\BedrijvenDataLaag.csproj", "{D08F08E8-02A4-4314-BE98-FC5CBD2D2BA2}"
EndProject
Global
	GlobalSection(SolutionConfigurationPlatforms) = preSolution
		Debug|Any CPU = Debug|Any CPU
		Release|Any CPU = Release|Any CPU
	EndGlobalSection
	GlobalSection(ProjectConfigurationPlatforms) = postSolution
		{F9D1F65E-F073-40FB-BC1A-ACF33922EB41}.Debug|Any CPU.ActiveCfg = Debug|Any CPU
		{F9D1F65E-F073-40FB-BC1A-ACF33922EB41}.Debug|Any CPU.Build.0 = Debug|Any CPU
		{F9D1F65E-F073-40FB-BC1A-ACF33922EB41}.Release|Any CPU.ActiveCfg = Release|Any CPU
		{F9D1F65E-F073-40FB-BC1A-ACF33922EB41}.Release|Any CPU.Build.0 = Release|Any CPU
		{A1C6B644-6FF2-410B-86EF-F9E9E96F4495}.Debug|Any CPU.ActiveCfg = Debug|Any CPU
		{A1C6B644-6FF2-410B-86EF-F9E9E96F4495}.Debug|Any CPU.Build.0 = Debug|Any CPU
		{A1C6B644-6FF2-410B-86EF-F9E9E96F4495}.Release|Any CPU.ActiveCfg = Release|Any CPU
		{A1C6B644-6FF2-410B-86EF-F9E9E96F4495}.Release|Any CPU.Build.0 = Release|Any CPU
		{D08F08E8-02A4-4314-BE98-FC5CBD2D2BA2}.Debug|Any CPU.ActiveCfg = Debug|Any CPU
		{D08F08E8-02A4-4314-BE98-FC5CBD2D2BA2}.Debug|Any CPU.Build.0 = Debug|Any CPU
		{D08F08E8-02A4-4314-BE98-FC5CBD2D2BA2}.Release|Any CPU.ActiveCfg = Release|Any CPU
		{D08F08E8-02A4-4314-BE98-FC5CBD2D2BA2}.Release|Any CPU.Build.0 = Release|Any CPU
	EndGlobalSection
	GlobalSection(SolutionProperties) = preSolution
		HideSolutionNode = FALSE
	EndGlobalSection
	GlobalSection(ExtensibilityGlobals) = postSolution
		SolutionGuid = {E8CF1683-6161-4B08-A927-909A5D0D7E11}
	EndGlobalSection
EndGlobal
