
Microsoft Visual Studio Solution File, Format Version 12.00
# Visual Studio Version 17
VisualStudioVersion = 17.14.36705.20
MinimumVisualStudioVersion = 10.0.40219.1
Project("{FAE04EC0-301F-11D3-BF4B-00C04F79EFBC}") = "KlantenSimulatorBL", "KlantenSimulator_BL\KlantenSimulatorBL.csproj", "{2AA50D23-AB94-406D-828A-A0B346B8D2AE}"
EndProject
Project("{FAE04EC0-301F-11D3-BF4B-00C04F79EFBC}") = "KlantenSimulatorDL_SQL", "KlantenSimulator_DL\KlantenSimulatorDL_SQL.csproj", "{EBA98D37-4E7C-4BA1-B5B1-0CDDCA00AF40}"
EndProject
Project("{FAE04EC0-301F-11D3-BF4B-00C04F79EFBC}") = "KlantenSimulatorUtils", "KlantenSimulator_Utils\KlantenSimulatorUtils.csproj", "{9F8F24E9-6E02-4BE2-BF58-A1ADC0671905}"
EndProject
Project("{FAE04EC0-301F-11D3-BF4B-00C04F79EFBC}") = "KlantenSimulatorUI_WPF", "KlantenSimulatorUI_WPF\KlantenSimulatorUI_WPF.csproj", "{64D11A76-DF41-4C38-B23D-71157381782A}"
EndProject
Project("{FAE04EC0-301F-11D3-BF4B-00C04F79EFBC}") = "KlantenSimulatorDL_File", "KlantenSimulatorDL_File\KlantenSimulatorDL_File.csproj", "{D529F336-EFE3-4997-8B40-E2CF2B0A542E}"
EndProject
Project("{FAE04EC0-301F-11D3-BF4B-00C04F79EFBC}") = "KlantenSimulatorUI", "KlantenSimulatorUI\KlantenSimulatorUI.csproj", "{F962D006-EC93-44D5-86C6-89D3D8A510ED}"
EndProject
Project("{FAE04EC0-301F-11D3-BF4B-00C04F79EFBC}") = "KlantenSimulatorUT", "KlantenSimulatorUT\KlantenSimulatorUT.csproj", "{024F35CC-84C9-4FFD-8582-60FB3FC407AA}"
EndProject
Global
	GlobalSection(SolutionConfigurationPlatforms) = preSolution
		Debug|Any CPU = Debug|Any CPU
		Release|Any CPU = Release|Any CPU
	EndGlobalSection
	GlobalSection(ProjectConfigurationPlatforms) = postSolution
		{2AA50D23-AB94-406D-828A-A0B346B8D2AE}.Debug|Any CPU.ActiveCfg = Debug|Any CPU
		{2AA50D23-AB94-406D-828A-A0B346B8D2AE}.Debug|Any CPU.Build.0 = Debug|Any CPU
		{2AA50D23-AB94-406D-828A-A0B346B8D2AE}.Release|Any CPU.ActiveCfg = Release|Any CPU
		{2AA50D23-AB94-406D-828A-A0B346B8D2AE}.Release|Any CPU.Build.0 = Release|Any CPU
		{EBA98D37-4E7C-4BA1-B5B1-0CDDCA00AF40}.Debug|Any CPU.ActiveCfg = Debug|Any CPU
		{EBA98D37-4E7C-4BA1-B5B1-0CDDCA00AF40}.Debug|Any CPU.Build.0 = Debug|Any CPU
		{EBA98D37-4E7C-4BA1-B5B1-0CDDCA00AF40}.Release|Any CPU.ActiveCfg = Release|Any CPU
		{EBA98D37-4E7C-4BA1-B5B1-0CDDCA00AF40}.Release|Any CPU.Build.0 = Release|Any CPU
		{9F8F24E9-6E02-4BE2-BF58-A1ADC0671905}.Debug|Any CPU.ActiveCfg = Debug|Any CPU
		{9F8F24E9-6E02-4BE2-BF58-A1ADC0671905}.Debug|Any CPU.Build.0 = Debug|Any CPU
		{9F8F24E9-6E02-4BE2-BF58-A1ADC0671905}.Release|Any CPU.ActiveCfg = Release|Any CPU
		{9F8F24E9-6E02-4BE2-BF58-A1ADC0671905}.Release|Any CPU.Build.0 = Release|Any CPU
		{64D11A76-DF41-4C38-B23D-71157381782A}.Debug|Any CPU.ActiveCfg = Debug|Any CPU
		{64D11A76-DF41-4C38-B23D-71157381782A}.Debug|Any CPU.Build.0 = Debug|Any CPU
		{64D11A76-DF41-4C38-B23D-71157381782A}.Release|Any CPU.ActiveCfg = Release|Any CPU
		{64D11A76-DF41-4C38-B23D-71157381782A}.Release|Any CPU.Build.0 = Release|Any CPU
		{D529F336-EFE3-4997-8B40-E2CF2B0A542E}.Debug|Any CPU.ActiveCfg = Debug|Any CPU
		{D529F336-EFE3-4997-8B40-E2CF2B0A542E}.Debug|Any CPU.Build.0 = Debug|Any CPU
		{D529F336-EFE3-4997-8B40-E2CF2B0A542E}.Release|Any CPU.ActiveCfg = Release|Any CPU
		{D529F336-EFE3-4997-8B40-E2CF2B0A542E}.Release|Any CPU.Build.0 = Release|Any CPU
		{F962D006-EC93-44D5-86C6-89D3D8A510ED}.Debug|Any CPU.ActiveCfg = Debug|Any CPU
		{F962D006-EC93-44D5-86C6-89D3D8A510ED}.Debug|Any CPU.Build.0 = Debug|Any CPU
		{F962D006-EC93-44D5-86C6-89D3D8A510ED}.Release|Any CPU.ActiveCfg = Release|Any CPU
		{F962D006-EC93-44D5-86C6-89D3D8A510ED}.Release|Any CPU.Build.0 = Release|Any CPU
		{024F35CC-84C9-4FFD-8582-60FB3FC407AA}.Debug|Any CPU.ActiveCfg = Debug|Any CPU
		{024F35CC-84C9-4FFD-8582-60FB3FC407AA}.Debug|Any CPU.Build.0 = Debug|Any CPU
		{024F35CC-84C9-4FFD-8582-60FB3FC407AA}.Release|Any CPU.ActiveCfg = Release|Any CPU
		{024F35CC-84C9-4FFD-8582-60FB3FC407AA}.Release|Any CPU.Build.0 = Release|Any CPU
	EndGlobalSection
	GlobalSection(SolutionProperties) = preSolution
		HideSolutionNode = FALSE
	EndGlobalSection
	GlobalSection(ExtensibilityGlobals) = postSolution
		SolutionGuid = {CADC8BC7-8BF9-4B4E-999B-F51BF4653370}
	EndGlobalSection
EndGlobal
