
Microsoft Visual Studio Solution File, Format Version 12.00
# Visual Studio Version 17
VisualStudioVersion = 17.14.36705.20 d17.14
MinimumVisualStudioVersion = 10.0.40219.1
Project("{FAE04EC0-301F-11D3-BF4B-00C04F79EFBC}") = "EmployeeEP_BL", "EmployeeEP_BL\EmployeeEP_BL.csproj", "{9EFF586F-4B42-4ADE-9527-4854B484EF11}"
EndProject
Project("{FAE04EC0-301F-11D3-BF4B-00C04F79EFBC}") = "EmployeeEP_DL", "EmployeeEP_DL\EmployeeEP_DL.csproj", "{B2A51F28-64B2-4C50-92C0-18153D698B34}"
EndProject
Project("{FAE04EC0-301F-11D3-BF4B-00C04F79EFBC}") = "EmployeeEP_UI", "EmployeeEP_UI\EmployeeEP_UI.csproj", "{A7BA5F1D-909E-4318-9318-6A0E66561778}"
EndProject
Project("{FAE04EC0-301F-11D3-BF4B-00C04F79EFBC}") = "EmployeeEP_Utils", "EmployeeEP_Utils\EmployeeEP_Utils.csproj", "{2006E69A-B728-4E0F-850D-C262DC0C5BE8}"
EndProject
Global
	GlobalSection(SolutionConfigurationPlatforms) = preSolution
		Debug|Any CPU = Debug|Any CPU
		Release|Any CPU = Release|Any CPU
	EndGlobalSection
	GlobalSection(ProjectConfigurationPlatforms) = postSolution
		{9EFF586F-4B42-4ADE-9527-4854B484EF11}.Debug|Any CPU.ActiveCfg = Debug|Any CPU
		{9EFF586F-4B42-4ADE-9527-4854B484EF11}.Debug|Any CPU.Build.0 = Debug|Any CPU
		{9EFF586F-4B42-4ADE-9527-4854B484EF11}.Release|Any CPU.ActiveCfg = Release|Any CPU
		{9EFF586F-4B42-4ADE-9527-4854B484EF11}.Release|Any CPU.Build.0 = Release|Any CPU
		{B2A51F28-64B2-4C50-92C0-18153D698B34}.Debug|Any CPU.ActiveCfg = Debug|Any CPU
		{B2A51F28-64B2-4C50-92C0-18153D698B34}.Debug|Any CPU.Build.0 = Debug|Any CPU
		{B2A51F28-64B2-4C50-92C0-18153D698B34}.Release|Any CPU.ActiveCfg = Release|Any CPU
		{B2A51F28-64B2-4C50-92C0-18153D698B34}.Release|Any CPU.Build.0 = Release|Any CPU
		{A7BA5F1D-909E-4318-9318-6A0E66561778}.Debug|Any CPU.ActiveCfg = Debug|Any CPU
		{A7BA5F1D-909E-4318-9318-6A0E66561778}.Debug|Any CPU.Build.0 = Debug|Any CPU
		{A7BA5F1D-909E-4318-9318-6A0E66561778}.Release|Any CPU.ActiveCfg = Release|Any CPU
		{A7BA5F1D-909E-4318-9318-6A0E66561778}.Release|Any CPU.Build.0 = Release|Any CPU
		{2006E69A-B728-4E0F-850D-C262DC0C5BE8}.Debug|Any CPU.ActiveCfg = Debug|Any CPU
		{2006E69A-B728-4E0F-850D-C262DC0C5BE8}.Debug|Any CPU.Build.0 = Debug|Any CPU
		{2006E69A-B728-4E0F-850D-C262DC0C5BE8}.Release|Any CPU.ActiveCfg = Release|Any CPU
		{2006E69A-B728-4E0F-850D-C262DC0C5BE8}.Release|Any CPU.Build.0 = Release|Any CPU
	EndGlobalSection
	GlobalSection(SolutionProperties) = preSolution
		HideSolutionNode = FALSE
	EndGlobalSection
	GlobalSection(ExtensibilityGlobals) = postSolution
		SolutionGuid = {7686C662-1055-479E-915E-A074739F5E91}
	EndGlobalSection
EndGlobal
