
Microsoft Visual Studio Solution File, Format Version 12.00
# Visual Studio Version 17
VisualStudioVersion = 17.11.35312.102
MinimumVisualStudioVersion = 10.0.40219.1
Project("{FAE04EC0-301F-11D3-BF4B-00C04F79EFBC}") = "StudentUI", "StudentUI\StudentUI.csproj", "{2C6DA3D1-044A-4A39-90AD-179F5C1E5305}"
EndProject
Project("{FAE04EC0-301F-11D3-BF4B-00C04F79EFBC}") = "StudentBL", "StudentBL\StudentBL.csproj", "{8C98075C-77BB-4CCD-9714-754BC31AF543}"
EndProject
Project("{FAE04EC0-301F-11D3-BF4B-00C04F79EFBC}") = "StudentDL", "StudentDL\StudentDL.csproj", "{571E08EF-D95A-4A88-92A3-AA3D7AB924E4}"
EndProject
Global
	GlobalSection(SolutionConfigurationPlatforms) = preSolution
		Debug|Any CPU = Debug|Any CPU
		Release|Any CPU = Release|Any CPU
	EndGlobalSection
	GlobalSection(ProjectConfigurationPlatforms) = postSolution
		{2C6DA3D1-044A-4A39-90AD-179F5C1E5305}.Debug|Any CPU.ActiveCfg = Debug|Any CPU
		{2C6DA3D1-044A-4A39-90AD-179F5C1E5305}.Debug|Any CPU.Build.0 = Debug|Any CPU
		{2C6DA3D1-044A-4A39-90AD-179F5C1E5305}.Release|Any CPU.ActiveCfg = Release|Any CPU
		{2C6DA3D1-044A-4A39-90AD-179F5C1E5305}.Release|Any CPU.Build.0 = Release|Any CPU
		{8C98075C-77BB-4CCD-9714-754BC31AF543}.Debug|Any CPU.ActiveCfg = Debug|Any CPU
		{8C98075C-77BB-4CCD-9714-754BC31AF543}.Debug|Any CPU.Build.0 = Debug|Any CPU
		{8C98075C-77BB-4CCD-9714-754BC31AF543}.Release|Any CPU.ActiveCfg = Release|Any CPU
		{8C98075C-77BB-4CCD-9714-754BC31AF543}.Release|Any CPU.Build.0 = Release|Any CPU
		{571E08EF-D95A-4A88-92A3-AA3D7AB924E4}.Debug|Any CPU.ActiveCfg = Debug|Any CPU
		{571E08EF-D95A-4A88-92A3-AA3D7AB924E4}.Debug|Any CPU.Build.0 = Debug|Any CPU
		{571E08EF-D95A-4A88-92A3-AA3D7AB924E4}.Release|Any CPU.ActiveCfg = Release|Any CPU
		{571E08EF-D95A-4A88-92A3-AA3D7AB924E4}.Release|Any CPU.Build.0 = Release|Any CPU
	EndGlobalSection
	GlobalSection(SolutionProperties) = preSolution
		HideSolutionNode = FALSE
	EndGlobalSection
	GlobalSection(ExtensibilityGlobals) = postSolution
		SolutionGuid = {8C698CC4-DCA7-4BAC-9A31-CEAEA9E68867}
	EndGlobalSection
EndGlobal
